
Microsoft Visual Studio Solution File, Format Version 12.00
# Visual Studio Version 17
VisualStudioVersion = 17.4.33110.190
MinimumVisualStudioVersion = 10.0.40219.1
Project("{FAE04EC0-301F-11D3-BF4B-00C04F79EFBC}") = "problems_and_solutions_app", "problems_and_solutions_app\problems_and_solutions_app.csproj", "{BAC61B10-F7D1-4A7A-A058-1D1ACD05B11C}"
EndProject
Global
	GlobalSection(SolutionConfigurationPlatforms) = preSolution
		Debug|Any CPU = Debug|Any CPU
		Release|Any CPU = Release|Any CPU
	EndGlobalSection
	GlobalSection(ProjectConfigurationPlatforms) = postSolution
		{BAC61B10-F7D1-4A7A-A058-1D1ACD05B11C}.Debug|Any CPU.ActiveCfg = Debug|Any CPU
		{BAC61B10-F7D1-4A7A-A058-1D1ACD05B11C}.Debug|Any CPU.Build.0 = Debug|Any CPU
		{BAC61B10-F7D1-4A7A-A058-1D1ACD05B11C}.Release|Any CPU.ActiveCfg = Release|Any CPU
		{BAC61B10-F7D1-4A7A-A058-1D1ACD05B11C}.Release|Any CPU.Build.0 = Release|Any CPU
	EndGlobalSection
	GlobalSection(SolutionProperties) = preSolution
		HideSolutionNode = FALSE
	EndGlobalSection
	GlobalSection(ExtensibilityGlobals) = postSolution
		SolutionGuid = {A4D5DB6F-D2F8-41D7-BA97-CAE216CB4AD7}
	EndGlobalSection
EndGlobal
